
Microsoft Visual Studio Solution File, Format Version 12.00
Project("{FAE04EC0-301F-11D3-BF4B-00C04F79EFBC}") = "GherkinSyncTool", "GherkinSyncTool\GherkinSyncTool.csproj", "{1BAC2A9D-ED39-4EA0-9056-229A99067714}"
EndProject
Project("{2150E333-8FDC-42A3-9474-1A3956D46DE8}") = "TestRailClient", "TestRailClient", "{36F2CE31-DF3E-43E3-9670-54F54AD3A639}"
EndProject
Project("{FAE04EC0-301F-11D3-BF4B-00C04F79EFBC}") = "TestRail", "testrail-client\TestRail\TestRail.csproj", "{7AE9953B-AACF-4C32-8A32-D925EC519B79}"
EndProject
Project("{FAE04EC0-301F-11D3-BF4B-00C04F79EFBC}") = "TestRail.Tests", "testrail-client\TestRail.Tests\TestRail.Tests.csproj", "{93D3C9A7-20A3-4399-ABFB-4E15382233F7}"
EndProject
Project("{FAE04EC0-301F-11D3-BF4B-00C04F79EFBC}") = "GherkinSyncTool.Synchronizers.TestRail", "GherkinSyncTool.Synchronizers.TestRail\GherkinSyncTool.Synchronizers.TestRail.csproj", "{A4DA09CC-1F35-4963-B325-492FD27A57B2}"
EndProject
Project("{FAE04EC0-301F-11D3-BF4B-00C04F79EFBC}") = "GherkinSyncTool.Models", "GherkinSyncTool.Models\GherkinSyncTool.Models.csproj", "{B945F057-6DBA-408C-B926-00DB02396A43}"
EndProject
Project("{FAE04EC0-301F-11D3-BF4B-00C04F79EFBC}") = "GherkinSyncTool.Synchronizers.AzureDevOps", "GherkinSyncTool.Synchronizers.AzureDevOps\GherkinSyncTool.Synchronizers.AzureDevOps.csproj", "{5CAAFB58-3B0D-4B39-BB3D-70E627C6645E}"
EndProject
Project("{FAE04EC0-301F-11D3-BF4B-00C04F79EFBC}") = "GherkinSyncTool.Synchronizers.AllureTestOps", "GherkinSyncTool.Synchronizers.AllureTestOps\GherkinSyncTool.Synchronizers.AllureTestOps.csproj", "{5F733808-8C59-4F5E-85E1-EF3FB548E522}"
EndProject
Project("{2150E333-8FDC-42A3-9474-1A3956D46DE8}") = "Allure TestOps", "Allure TestOps", "{B75BE15F-589E-4DFA-97EA-DA90352B5918}"
EndProject
Project("{2150E333-8FDC-42A3-9474-1A3956D46DE8}") = "Azure DevOps", "Azure DevOps", "{A8450CE0-39A0-4EC8-ADB6-8C9E93D9BE8A}"
EndProject
Project("{2150E333-8FDC-42A3-9474-1A3956D46DE8}") = "TestRail", "TestRail", "{AABA982B-E02E-4A85-B2DE-DB0D359D58DE}"
EndProject
Project("{FAE04EC0-301F-11D3-BF4B-00C04F79EFBC}") = "Quantori.AllureTestOpsClient", "Quantori.AllureTestOpsClient\Quantori.AllureTestOpsClient.csproj", "{A7143277-72DF-49AF-BE3B-8AFAAFA28A98}"
EndProject
Global
	GlobalSection(SolutionConfigurationPlatforms) = preSolution
		Debug|Any CPU = Debug|Any CPU
		Release|Any CPU = Release|Any CPU
	EndGlobalSection
	GlobalSection(ProjectConfigurationPlatforms) = postSolution
		{1BAC2A9D-ED39-4EA0-9056-229A99067714}.Debug|Any CPU.ActiveCfg = Debug|Any CPU
		{1BAC2A9D-ED39-4EA0-9056-229A99067714}.Debug|Any CPU.Build.0 = Debug|Any CPU
		{1BAC2A9D-ED39-4EA0-9056-229A99067714}.Release|Any CPU.ActiveCfg = Release|Any CPU
		{1BAC2A9D-ED39-4EA0-9056-229A99067714}.Release|Any CPU.Build.0 = Release|Any CPU
		{7AE9953B-AACF-4C32-8A32-D925EC519B79}.Debug|Any CPU.ActiveCfg = Debug|Any CPU
		{7AE9953B-AACF-4C32-8A32-D925EC519B79}.Debug|Any CPU.Build.0 = Debug|Any CPU
		{7AE9953B-AACF-4C32-8A32-D925EC519B79}.Release|Any CPU.ActiveCfg = Release|Any CPU
		{7AE9953B-AACF-4C32-8A32-D925EC519B79}.Release|Any CPU.Build.0 = Release|Any CPU
		{93D3C9A7-20A3-4399-ABFB-4E15382233F7}.Debug|Any CPU.ActiveCfg = Debug|Any CPU
		{93D3C9A7-20A3-4399-ABFB-4E15382233F7}.Debug|Any CPU.Build.0 = Debug|Any CPU
		{93D3C9A7-20A3-4399-ABFB-4E15382233F7}.Release|Any CPU.ActiveCfg = Release|Any CPU
		{93D3C9A7-20A3-4399-ABFB-4E15382233F7}.Release|Any CPU.Build.0 = Release|Any CPU
		{A4DA09CC-1F35-4963-B325-492FD27A57B2}.Debug|Any CPU.ActiveCfg = Debug|Any CPU
		{A4DA09CC-1F35-4963-B325-492FD27A57B2}.Debug|Any CPU.Build.0 = Debug|Any CPU
		{A4DA09CC-1F35-4963-B325-492FD27A57B2}.Release|Any CPU.ActiveCfg = Release|Any CPU
		{A4DA09CC-1F35-4963-B325-492FD27A57B2}.Release|Any CPU.Build.0 = Release|Any CPU
		{B945F057-6DBA-408C-B926-00DB02396A43}.Debug|Any CPU.ActiveCfg = Debug|Any CPU
		{B945F057-6DBA-408C-B926-00DB02396A43}.Debug|Any CPU.Build.0 = Debug|Any CPU
		{B945F057-6DBA-408C-B926-00DB02396A43}.Release|Any CPU.ActiveCfg = Release|Any CPU
		{B945F057-6DBA-408C-B926-00DB02396A43}.Release|Any CPU.Build.0 = Release|Any CPU
		{5CAAFB58-3B0D-4B39-BB3D-70E627C6645E}.Debug|Any CPU.ActiveCfg = Debug|Any CPU
		{5CAAFB58-3B0D-4B39-BB3D-70E627C6645E}.Debug|Any CPU.Build.0 = Debug|Any CPU
		{5CAAFB58-3B0D-4B39-BB3D-70E627C6645E}.Release|Any CPU.ActiveCfg = Release|Any CPU
		{5CAAFB58-3B0D-4B39-BB3D-70E627C6645E}.Release|Any CPU.Build.0 = Release|Any CPU
		{5F733808-8C59-4F5E-85E1-EF3FB548E522}.Debug|Any CPU.ActiveCfg = Debug|Any CPU
		{5F733808-8C59-4F5E-85E1-EF3FB548E522}.Debug|Any CPU.Build.0 = Debug|Any CPU
		{5F733808-8C59-4F5E-85E1-EF3FB548E522}.Release|Any CPU.ActiveCfg = Release|Any CPU
		{5F733808-8C59-4F5E-85E1-EF3FB548E522}.Release|Any CPU.Build.0 = Release|Any CPU
		{A7143277-72DF-49AF-BE3B-8AFAAFA28A98}.Debug|Any CPU.ActiveCfg = Debug|Any CPU
		{A7143277-72DF-49AF-BE3B-8AFAAFA28A98}.Debug|Any CPU.Build.0 = Debug|Any CPU
		{A7143277-72DF-49AF-BE3B-8AFAAFA28A98}.Release|Any CPU.ActiveCfg = Release|Any CPU
		{A7143277-72DF-49AF-BE3B-8AFAAFA28A98}.Release|Any CPU.Build.0 = Release|Any CPU
	EndGlobalSection
	GlobalSection(NestedProjects) = preSolution
		{7AE9953B-AACF-4C32-8A32-D925EC519B79} = {36F2CE31-DF3E-43E3-9670-54F54AD3A639}
		{93D3C9A7-20A3-4399-ABFB-4E15382233F7} = {36F2CE31-DF3E-43E3-9670-54F54AD3A639}
		{5F733808-8C59-4F5E-85E1-EF3FB548E522} = {B75BE15F-589E-4DFA-97EA-DA90352B5918}
		{5CAAFB58-3B0D-4B39-BB3D-70E627C6645E} = {A8450CE0-39A0-4EC8-ADB6-8C9E93D9BE8A}
		{36F2CE31-DF3E-43E3-9670-54F54AD3A639} = {AABA982B-E02E-4A85-B2DE-DB0D359D58DE}
		{A4DA09CC-1F35-4963-B325-492FD27A57B2} = {AABA982B-E02E-4A85-B2DE-DB0D359D58DE}
		{A7143277-72DF-49AF-BE3B-8AFAAFA28A98} = {B75BE15F-589E-4DFA-97EA-DA90352B5918}
	EndGlobalSection
EndGlobal
